
Microsoft Visual Studio Solution File, Format Version 12.00
# Visual Studio Version 16
VisualStudioVersion = 16.0.30204.135
MinimumVisualStudioVersion = 10.0.40219.1
Project("{9A19103F-16F7-4668-BE54-9A1E7A4F7556}") = "WZ.Report.Api", "WZ.Report.Api\WZ.Report.Api.csproj", "{313F44C0-2336-428C-BDFD-CCE79095B3C4}"
EndProject
Project("{9A19103F-16F7-4668-BE54-9A1E7A4F7556}") = "WZ.Report.Application", "WZ.Report.Application\WZ.Report.Application.csproj", "{96A32B85-8CE7-47B8-A3EB-4FE12499A803}"
EndProject
Project("{9A19103F-16F7-4668-BE54-9A1E7A4F7556}") = "WZ.Report.Common", "WZ.Report.Common\WZ.Report.Common.csproj", "{D27C5EA4-1234-4978-AF2E-247BCEEAA07F}"
EndProject
Project("{9A19103F-16F7-4668-BE54-9A1E7A4F7556}") = "WZ.Report.IRepository", "WZ.Report.IRepository\WZ.Report.IRepository.csproj", "{FEB90A68-8CC8-447B-8EED-75FFC42D17AB}"
EndProject
Project("{9A19103F-16F7-4668-BE54-9A1E7A4F7556}") = "WZ.Report.Repository", "WZ.Report.Repository\WZ.Report.Repository.csproj", "{B39C3F9C-38D6-4E06-98A9-CE5E8A844D61}"
EndProject
Project("{9A19103F-16F7-4668-BE54-9A1E7A4F7556}") = "WZ.Report.Model", "WZ.Report.Model\WZ.Report.Model.csproj", "{710A6658-0416-4323-8CE3-388C702AD52A}"
EndProject
Project("{9A19103F-16F7-4668-BE54-9A1E7A4F7556}") = "WZ.Report.IServices", "WZ.Report.IServices\WZ.Report.IServices.csproj", "{2F28408A-3898-464C-B5B1-91119C6B7269}"
EndProject
Project("{9A19103F-16F7-4668-BE54-9A1E7A4F7556}") = "WZ.Report.Services", "WZ.Report.Services\WZ.Report.Services.csproj", "{8846A7B4-A028-450F-9F9C-D99525B6E5FB}"
EndProject
Project("{9A19103F-16F7-4668-BE54-9A1E7A4F7556}") = "WZ.Report.Extensions", "WZ.Report.Extensions\WZ.Report.Extensions.csproj", "{2ED539CA-CC07-4C22-A01B-F1F0E7DBF3A6}"
EndProject
Project("{9A19103F-16F7-4668-BE54-9A1E7A4F7556}") = "WZ.Report.Console", "WZ.Report.Console\WZ.Report.Console.csproj", "{629549CD-5391-47AB-9FF1-68BA13A943F4}"
EndProject
Project("{FAE04EC0-301F-11D3-BF4B-00C04F79EFBC}") = "WZ.Report.IDS4", "WZ.Report.IDS4\WZ.Report.IDS4.csproj", "{AD0344AD-E42E-4192-A120-A8E2BA1BA744}"
EndProject
Global
	GlobalSection(SolutionConfigurationPlatforms) = preSolution
		Debug|Any CPU = Debug|Any CPU
		Release|Any CPU = Release|Any CPU
	EndGlobalSection
	GlobalSection(ProjectConfigurationPlatforms) = postSolution
		{313F44C0-2336-428C-BDFD-CCE79095B3C4}.Debug|Any CPU.ActiveCfg = Debug|Any CPU
		{313F44C0-2336-428C-BDFD-CCE79095B3C4}.Debug|Any CPU.Build.0 = Debug|Any CPU
		{313F44C0-2336-428C-BDFD-CCE79095B3C4}.Release|Any CPU.ActiveCfg = Release|Any CPU
		{313F44C0-2336-428C-BDFD-CCE79095B3C4}.Release|Any CPU.Build.0 = Release|Any CPU
		{96A32B85-8CE7-47B8-A3EB-4FE12499A803}.Debug|Any CPU.ActiveCfg = Debug|Any CPU
		{96A32B85-8CE7-47B8-A3EB-4FE12499A803}.Debug|Any CPU.Build.0 = Debug|Any CPU
		{96A32B85-8CE7-47B8-A3EB-4FE12499A803}.Release|Any CPU.ActiveCfg = Release|Any CPU
		{96A32B85-8CE7-47B8-A3EB-4FE12499A803}.Release|Any CPU.Build.0 = Release|Any CPU
		{D27C5EA4-1234-4978-AF2E-247BCEEAA07F}.Debug|Any CPU.ActiveCfg = Debug|Any CPU
		{D27C5EA4-1234-4978-AF2E-247BCEEAA07F}.Debug|Any CPU.Build.0 = Debug|Any CPU
		{D27C5EA4-1234-4978-AF2E-247BCEEAA07F}.Release|Any CPU.ActiveCfg = Release|Any CPU
		{D27C5EA4-1234-4978-AF2E-247BCEEAA07F}.Release|Any CPU.Build.0 = Release|Any CPU
		{FEB90A68-8CC8-447B-8EED-75FFC42D17AB}.Debug|Any CPU.ActiveCfg = Debug|Any CPU
		{FEB90A68-8CC8-447B-8EED-75FFC42D17AB}.Debug|Any CPU.Build.0 = Debug|Any CPU
		{FEB90A68-8CC8-447B-8EED-75FFC42D17AB}.Release|Any CPU.ActiveCfg = Release|Any CPU
		{FEB90A68-8CC8-447B-8EED-75FFC42D17AB}.Release|Any CPU.Build.0 = Release|Any CPU
		{B39C3F9C-38D6-4E06-98A9-CE5E8A844D61}.Debug|Any CPU.ActiveCfg = Debug|Any CPU
		{B39C3F9C-38D6-4E06-98A9-CE5E8A844D61}.Debug|Any CPU.Build.0 = Debug|Any CPU
		{B39C3F9C-38D6-4E06-98A9-CE5E8A844D61}.Release|Any CPU.ActiveCfg = Release|Any CPU
		{B39C3F9C-38D6-4E06-98A9-CE5E8A844D61}.Release|Any CPU.Build.0 = Release|Any CPU
		{710A6658-0416-4323-8CE3-388C702AD52A}.Debug|Any CPU.ActiveCfg = Debug|Any CPU
		{710A6658-0416-4323-8CE3-388C702AD52A}.Debug|Any CPU.Build.0 = Debug|Any CPU
		{710A6658-0416-4323-8CE3-388C702AD52A}.Release|Any CPU.ActiveCfg = Release|Any CPU
		{710A6658-0416-4323-8CE3-388C702AD52A}.Release|Any CPU.Build.0 = Release|Any CPU
		{2F28408A-3898-464C-B5B1-91119C6B7269}.Debug|Any CPU.ActiveCfg = Debug|Any CPU
		{2F28408A-3898-464C-B5B1-91119C6B7269}.Debug|Any CPU.Build.0 = Debug|Any CPU
		{2F28408A-3898-464C-B5B1-91119C6B7269}.Release|Any CPU.ActiveCfg = Release|Any CPU
		{2F28408A-3898-464C-B5B1-91119C6B7269}.Release|Any CPU.Build.0 = Release|Any CPU
		{8846A7B4-A028-450F-9F9C-D99525B6E5FB}.Debug|Any CPU.ActiveCfg = Debug|Any CPU
		{8846A7B4-A028-450F-9F9C-D99525B6E5FB}.Debug|Any CPU.Build.0 = Debug|Any CPU
		{8846A7B4-A028-450F-9F9C-D99525B6E5FB}.Release|Any CPU.ActiveCfg = Release|Any CPU
		{8846A7B4-A028-450F-9F9C-D99525B6E5FB}.Release|Any CPU.Build.0 = Release|Any CPU
		{2ED539CA-CC07-4C22-A01B-F1F0E7DBF3A6}.Debug|Any CPU.ActiveCfg = Debug|Any CPU
		{2ED539CA-CC07-4C22-A01B-F1F0E7DBF3A6}.Debug|Any CPU.Build.0 = Debug|Any CPU
		{2ED539CA-CC07-4C22-A01B-F1F0E7DBF3A6}.Release|Any CPU.ActiveCfg = Release|Any CPU
		{2ED539CA-CC07-4C22-A01B-F1F0E7DBF3A6}.Release|Any CPU.Build.0 = Release|Any CPU
		{629549CD-5391-47AB-9FF1-68BA13A943F4}.Debug|Any CPU.ActiveCfg = Debug|Any CPU
		{629549CD-5391-47AB-9FF1-68BA13A943F4}.Debug|Any CPU.Build.0 = Debug|Any CPU
		{629549CD-5391-47AB-9FF1-68BA13A943F4}.Release|Any CPU.ActiveCfg = Release|Any CPU
		{629549CD-5391-47AB-9FF1-68BA13A943F4}.Release|Any CPU.Build.0 = Release|Any CPU
		{AD0344AD-E42E-4192-A120-A8E2BA1BA744}.Debug|Any CPU.ActiveCfg = Debug|Any CPU
		{AD0344AD-E42E-4192-A120-A8E2BA1BA744}.Debug|Any CPU.Build.0 = Debug|Any CPU
		{AD0344AD-E42E-4192-A120-A8E2BA1BA744}.Release|Any CPU.ActiveCfg = Release|Any CPU
		{AD0344AD-E42E-4192-A120-A8E2BA1BA744}.Release|Any CPU.Build.0 = Release|Any CPU
	EndGlobalSection
	GlobalSection(SolutionProperties) = preSolution
		HideSolutionNode = FALSE
	EndGlobalSection
	GlobalSection(ExtensibilityGlobals) = postSolution
		SolutionGuid = {5D9591E7-9D6F-43FE-BA35-8EE27F5FC5ED}
	EndGlobalSection
EndGlobal
